
Microsoft Visual Studio Solution File, Format Version 12.00
# Visual Studio Version 17
VisualStudioVersion = 17.7.34202.233
MinimumVisualStudioVersion = 10.0.40219.1
Project("{9A19103F-16F7-4668-BE54-9A1E7A4F7556}") = "DCXAir.API", "DCXAir.API\DCXAir.API.csproj", "{AFED38C5-DE7E-411B-9AA0-67C65D834540}"
EndProject
Project("{9A19103F-16F7-4668-BE54-9A1E7A4F7556}") = "DCXAir.Application", "DCXAir.Application\DCXAir.Application.csproj", "{CA068FB8-3371-4D1D-95C5-993D5E336E89}"
EndProject
Project("{9A19103F-16F7-4668-BE54-9A1E7A4F7556}") = "DCXAir.Domain", "DCXAir.Domain\DCXAir.Domain.csproj", "{2F350BB7-7DBB-4A53-A4E4-067585E44BD4}"
EndProject
Project("{9A19103F-16F7-4668-BE54-9A1E7A4F7556}") = "DCXAir.Infrastructure", "DCXAir.Infrastructure\DCXAir.Infrastructure.csproj", "{038E1D03-3DEC-47D4-91D4-1E58025539F6}"
EndProject
Project("{FAE04EC0-301F-11D3-BF4B-00C04F79EFBC}") = "DCXAir.Test", "DCXAir.Test\DCXAir.Test.csproj", "{9298A606-CCC0-4341-AB34-E84C0F3568EB}"
EndProject
Global
	GlobalSection(SolutionConfigurationPlatforms) = preSolution
		Debug|Any CPU = Debug|Any CPU
		Release|Any CPU = Release|Any CPU
	EndGlobalSection
	GlobalSection(ProjectConfigurationPlatforms) = postSolution
		{AFED38C5-DE7E-411B-9AA0-67C65D834540}.Debug|Any CPU.ActiveCfg = Debug|Any CPU
		{AFED38C5-DE7E-411B-9AA0-67C65D834540}.Debug|Any CPU.Build.0 = Debug|Any CPU
		{AFED38C5-DE7E-411B-9AA0-67C65D834540}.Release|Any CPU.ActiveCfg = Release|Any CPU
		{AFED38C5-DE7E-411B-9AA0-67C65D834540}.Release|Any CPU.Build.0 = Release|Any CPU
		{CA068FB8-3371-4D1D-95C5-993D5E336E89}.Debug|Any CPU.ActiveCfg = Debug|Any CPU
		{CA068FB8-3371-4D1D-95C5-993D5E336E89}.Debug|Any CPU.Build.0 = Debug|Any CPU
		{CA068FB8-3371-4D1D-95C5-993D5E336E89}.Release|Any CPU.ActiveCfg = Release|Any CPU
		{CA068FB8-3371-4D1D-95C5-993D5E336E89}.Release|Any CPU.Build.0 = Release|Any CPU
		{2F350BB7-7DBB-4A53-A4E4-067585E44BD4}.Debug|Any CPU.ActiveCfg = Debug|Any CPU
		{2F350BB7-7DBB-4A53-A4E4-067585E44BD4}.Debug|Any CPU.Build.0 = Debug|Any CPU
		{2F350BB7-7DBB-4A53-A4E4-067585E44BD4}.Release|Any CPU.ActiveCfg = Release|Any CPU
		{2F350BB7-7DBB-4A53-A4E4-067585E44BD4}.Release|Any CPU.Build.0 = Release|Any CPU
		{038E1D03-3DEC-47D4-91D4-1E58025539F6}.Debug|Any CPU.ActiveCfg = Debug|Any CPU
		{038E1D03-3DEC-47D4-91D4-1E58025539F6}.Debug|Any CPU.Build.0 = Debug|Any CPU
		{038E1D03-3DEC-47D4-91D4-1E58025539F6}.Release|Any CPU.ActiveCfg = Release|Any CPU
		{038E1D03-3DEC-47D4-91D4-1E58025539F6}.Release|Any CPU.Build.0 = Release|Any CPU
		{9298A606-CCC0-4341-AB34-E84C0F3568EB}.Debug|Any CPU.ActiveCfg = Debug|Any CPU
		{9298A606-CCC0-4341-AB34-E84C0F3568EB}.Debug|Any CPU.Build.0 = Debug|Any CPU
		{9298A606-CCC0-4341-AB34-E84C0F3568EB}.Release|Any CPU.ActiveCfg = Release|Any CPU
		{9298A606-CCC0-4341-AB34-E84C0F3568EB}.Release|Any CPU.Build.0 = Release|Any CPU
	EndGlobalSection
	GlobalSection(SolutionProperties) = preSolution
		HideSolutionNode = FALSE
	EndGlobalSection
	GlobalSection(ExtensibilityGlobals) = postSolution
		SolutionGuid = {BA222EC8-F856-4F8D-9609-E91C3CF542C6}
	EndGlobalSection
EndGlobal
